<?xml version="1.0" encoding="utf-8"?>
<Project ToolsVersion="4.0" xmlns="http://schemas.microsoft.com/developer/msbuild/2003">
  <ItemGroup>
    <Filter Include="Source Files">
      <UniqueIdentifier>{4FC737F1-C7A5-4376-A066-2A32D752A2FF}</UniqueIdentifier>
      <Extensions>cpp;c;cc;cxx;c++;cppm;ixx;def;odl;idl;hpj;bat;asm;asmx</Extensions>
    </Filter>
    <Filter Include="Header Files">
      <UniqueIdentifier>{93995380-89BD-4b04-88EB-625FBE52EBFB}</UniqueIdentifier>
      <Extensions>h;hh;hpp;hxx;h++;hm;inl;inc;ipp;xsd</Extensions>
    </Filter>
    <Filter Include="Resource Files">
      <UniqueIdentifier>{67DA6AB6-F800-4c08-8B7A-83BB121AAD01}</UniqueIdentifier>
      <Extensions>rc;ico;cur;bmp;dlg;rc2;rct;bin;rgs;gif;jpg;jpeg;jpe;resx;tiff;tif;png;wav;mfcribbon-ms</Extensions>
    </Filter>
    <Filter Include="Resource Files\fonts">
      <UniqueIdentifier>{36a18712-fc4b-4832-8077-2945c4886ffd}</UniqueIdentifier>
    </Filter>
    <Filter Include="Resource Files\img">
      <UniqueIdentifier>{44371d99-b5cf-4a1f-b53d-a768678dc888}</UniqueIdentifier>
    </Filter>
    <Filter Include="Header Files\GameModes">
      <UniqueIdentifier>{7b8432e0-edc7-4a04-ba13-28395bde46d7}</UniqueIdentifier>
    </Filter>
    <Filter Include="Source Files\GameModes">
      <UniqueIdentifier>{ee257fd8-81d6-4b2e-af01-9bfaa6054e83}</UniqueIdentifier>
    </Filter>
    <Filter Include="Header Files\Menu">
      <UniqueIdentifier>{ef298c80-9954-4bd6-a97b-6abf755b94a1}</UniqueIdentifier>
    </Filter>
    <Filter Include="Source Files\Menu">
      <UniqueIdentifier>{070e5fe1-364d-4ab0-ba36-0cefcaba1ec0}</UniqueIdentifier>
    </Filter>
    <Filter Include="Header Files\Game">
      <UniqueIdentifier>{dbc4f017-100b-494e-840d-b768727327a8}</UniqueIdentifier>
    </Filter>
    <Filter Include="Source Files\Game">
      <UniqueIdentifier>{e6d59eea-f16e-4a56-a434-c85941f6f241}</UniqueIdentifier>
    </Filter>
    <Filter Include="Header Files\Interface">
      <UniqueIdentifier>{d15a1bb3-0cc0-41a5-b804-5cd732f27746}</UniqueIdentifier>
    </Filter>
    <Filter Include="Source Files\Interface">
      <UniqueIdentifier>{d54667ef-0d2c-4f3b-ade7-0ed56ec7a158}</UniqueIdentifier>
    </Filter>
    <Filter Include="Source Files\Game\Actions">
      <UniqueIdentifier>{60d290d8-2117-4840-a731-b7343e2f5eea}</UniqueIdentifier>
    </Filter>
    <Filter Include="Header Files\Game\Actions">
      <UniqueIdentifier>{23cc08c4-99f3-4d93-90e2-276326a61781}</UniqueIdentifier>
    </Filter>
    <Filter Include="Header Files\Enums">
      <UniqueIdentifier>{fb07ee32-5c55-4e94-8f67-81a59a89fb37}</UniqueIdentifier>
    </Filter>
  </ItemGroup>
  <ItemGroup>
    <ClCompile Include="Main.cpp">
      <Filter>Source Files</Filter>
    </ClCompile>
    <ClCompile Include="DebugConsole.cpp">
      <Filter>Source Files</Filter>
    </ClCompile>
    <ClCompile Include="MenuStringFunction.h">
      <Filter>Header Files\Enums</Filter>
    </ClCompile>
    <ClCompile Include="Menu.cpp">
      <Filter>Source Files\GameModes</Filter>
    </ClCompile>
    <ClCompile Include="Game.cpp">
      <Filter>Source Files\GameModes</Filter>
    </ClCompile>
    <ClCompile Include="MenuItem.cpp">
      <Filter>Source Files\Menu</Filter>
    </ClCompile>
    <ClCompile Include="MenuBlock.cpp">
      <Filter>Source Files\Menu</Filter>
    </ClCompile>
    <ClCompile Include="Chapter.cpp">
      <Filter>Source Files\Game</Filter>
    </ClCompile>
    <ClCompile Include="Loading.cpp">
      <Filter>Source Files\Interface</Filter>
    </ClCompile>
    <ClCompile Include="ActionType.h">
      <Filter>Header Files\Enums</Filter>
    </ClCompile>
    <ClCompile Include="BaseAction.cpp">
      <Filter>Source Files\Game\Actions</Filter>
    </ClCompile>
    <ClCompile Include="BackgroundAction.cpp">
      <Filter>Source Files\Game\Actions</Filter>
    </ClCompile>
    <ClCompile Include="BgActionType.h">
      <Filter>Header Files\Enums</Filter>
    </ClCompile>
    <ClCompile Include="ActionExecutor.cpp">
      <Filter>Source Files\Game\Actions</Filter>
    </ClCompile>
    <ClCompile Include="CharacterAction.cpp">
      <Filter>Source Files\Game\Actions</Filter>
    </ClCompile>
    <ClCompile Include="Scene.cpp">
      <Filter>Source Files\Game</Filter>
    </ClCompile>
    <ClCompile Include="PlayingInterface.cpp">
      <Filter>Source Files\Interface</Filter>
    </ClCompile>
  </ItemGroup>
  <ItemGroup>
    <ClInclude Include="MainHeader.h">
      <Filter>Header Files</Filter>
    </ClInclude>
    <ClInclude Include="DebugConsole.h">
      <Filter>Header Files</Filter>
    </ClInclude>
    <ClInclude Include="Game.h">
      <Filter>Header Files\GameModes</Filter>
    </ClInclude>
    <ClInclude Include="Menu.h">
      <Filter>Header Files\GameModes</Filter>
    </ClInclude>
    <ClInclude Include="GameModesHeader.h">
      <Filter>Header Files\GameModes</Filter>
    </ClInclude>
    <ClInclude Include="MenuItem.h">
      <Filter>Header Files\Menu</Filter>
    </ClInclude>
    <ClInclude Include="MenuBlock.h">
      <Filter>Header Files\Menu</Filter>
    </ClInclude>
    <ClInclude Include="Chapter.h">
      <Filter>Header Files\Game</Filter>
    </ClInclude>
    <ClInclude Include="Loading.h">
      <Filter>Header Files\Interface</Filter>
    </ClInclude>
    <ClInclude Include="BaseAction.h">
      <Filter>Header Files\Game\Actions</Filter>
    </ClInclude>
    <ClInclude Include="BackgroundAction.h">
      <Filter>Header Files\Game\Actions</Filter>
    </ClInclude>
    <ClInclude Include="Scene.h">
      <Filter>Header Files\Game</Filter>
    </ClInclude>
    <ClInclude Include="ActionExecutor.h">
      <Filter>Header Files\Game\Actions</Filter>
    </ClInclude>
    <ClInclude Include="CharacterAction.h">
      <Filter>Header Files\Game\Actions</Filter>
    </ClInclude>
    <ClInclude Include="CharActionType.h">
      <Filter>Header Files\Enums</Filter>
    </ClInclude>
    <ClInclude Include="PlayingInterface.h">
      <Filter>Header Files\Interface</Filter>
    </ClInclude>
    <ClInclude Include="SceneState.h">
      <Filter>Header Files\Enums</Filter>
    </ClInclude>
  </ItemGroup>
  <ItemGroup>
    <Font Include="calibri.ttf">
      <Filter>Resource Files\fonts</Filter>
    </Font>
  </ItemGroup>
  <ItemGroup>
    <Image Include="menu_bg.jpg">
      <Filter>Resource Files\img</Filter>
    </Image>
    <Image Include="char0.png">
      <Filter>Resource Files\img</Filter>
    </Image>
  </ItemGroup>
</Project>